// !$*UTF8*$!
{
	archiveVersion = 1;
	classes = {
	};
	objectVersion = 46;
	objects = {

/* Begin PBXBuildFile section */
		09894674C6F3361399F29ED5 /* Pods_SULUserNotificationCenterExampleTests.framework in Frameworks */ = {isa = PBXBuildFile; fileRef = 23659C00E5571280CD832952 /* Pods_SULUserNotificationCenterExampleTests.framework */; };
		8F530C471EC2E8D800008174 /* AppDelegate.swift in Sources */ = {isa = PBXBuildFile; fileRef = 8F530C461EC2E8D800008174 /* AppDelegate.swift */; };
		8F530C491EC2E8D800008174 /* ViewController.swift in Sources */ = {isa = PBXBuildFile; fileRef = 8F530C481EC2E8D800008174 /* ViewController.swift */; };
		8F530C4B1EC2E8D800008174 /* Assets.xcassets in Resources */ = {isa = PBXBuildFile; fileRef = 8F530C4A1EC2E8D800008174 /* Assets.xcassets */; };
		8F530C4E1EC2E8D800008174 /* Main.storyboard in Resources */ = {isa = PBXBuildFile; fileRef = 8F530C4C1EC2E8D800008174 /* Main.storyboard */; };
		8F530C591EC2E8D800008174 /* SULUserNotificationCenterExampleTests.swift in Sources */ = {isa = PBXBuildFile; fileRef = 8F530C581EC2E8D800008174 /* SULUserNotificationCenterExampleTests.swift */; };
		8FAC1F251EC306DD00FE8495 /* left-icon.png in Resources */ = {isa = PBXBuildFile; fileRef = 8FAC1F241EC306DD00FE8495 /* left-icon.png */; };
		8FBD642F1EC560DE00987C9E /* right-icon.png in Resources */ = {isa = PBXBuildFile; fileRef = 8FBD642E1EC560DE00987C9E /* right-icon.png */; };
		B47C253F7BDED64915AF1E73 /* Pods_SULUserNotificationCenterExample.framework in Frameworks */ = {isa = PBXBuildFile; fileRef = F17C3EA58D77C044C0FB8CE2 /* Pods_SULUserNotificationCenterExample.framework */; };
/* End PBXBuildFile section */

/* Begin PBXContainerItemProxy section */
		8F530C551EC2E8D800008174 /* PBXContainerItemProxy */ = {
			isa = PBXContainerItemProxy;
			containerPortal = 8F530C3B1EC2E8D800008174 /* Project object */;
			proxyType = 1;
			remoteGlobalIDString = 8F530C421EC2E8D800008174;
			remoteInfo = SULUserNotificationCenterExample;
		};
/* End PBXContainerItemProxy section */

/* Begin PBXFileReference section */
		23659C00E5571280CD832952 /* Pods_SULUserNotificationCenterExampleTests.framework */ = {isa = PBXFileReference; explicitFileType = wrapper.framework; includeInIndex = 0; path = Pods_SULUserNotificationCenterExampleTests.framework; sourceTree = BUILT_PRODUCTS_DIR; };
		50852B7FC81746128B9DCBE1 /* Pods-SULUserNotificationCenterExample.release.xcconfig */ = {isa = PBXFileReference; includeInIndex = 1; lastKnownFileType = text.xcconfig; name = "Pods-SULUserNotificationCenterExample.release.xcconfig"; path = "Pods/Target Support Files/Pods-SULUserNotificationCenterExample/Pods-SULUserNotificationCenterExample.release.xcconfig"; sourceTree = "<group>"; };
		5153DC9320136F4ED5BA0ADD /* Pods-SULUserNotificationCenterExampleTests.debug.xcconfig */ = {isa = PBXFileReference; includeInIndex = 1; lastKnownFileType = text.xcconfig; name = "Pods-SULUserNotificationCenterExampleTests.debug.xcconfig"; path = "Pods/Target Support Files/Pods-SULUserNotificationCenterExampleTests/Pods-SULUserNotificationCenterExampleTests.debug.xcconfig"; sourceTree = "<group>"; };
		85E662B660A3FC90F6092A39 /* Pods-SULUserNotificationCenterExampleTests.release.xcconfig */ = {isa = PBXFileReference; includeInIndex = 1; lastKnownFileType = text.xcconfig; name = "Pods-SULUserNotificationCenterExampleTests.release.xcconfig"; path = "Pods/Target Support Files/Pods-SULUserNotificationCenterExampleTests/Pods-SULUserNotificationCenterExampleTests.release.xcconfig"; sourceTree = "<group>"; };
		8F530C431EC2E8D800008174 /* SULUserNotificationCenterExample.app */ = {isa = PBXFileReference; explicitFileType = wrapper.application; includeInIndex = 0; path = SULUserNotificationCenterExample.app; sourceTree = BUILT_PRODUCTS_DIR; };
		8F530C461EC2E8D800008174 /* AppDelegate.swift */ = {isa = PBXFileReference; lastKnownFileType = sourcecode.swift; path = AppDelegate.swift; sourceTree = "<group>"; };
		8F530C481EC2E8D800008174 /* ViewController.swift */ = {isa = PBXFileReference; lastKnownFileType = sourcecode.swift; path = ViewController.swift; sourceTree = "<group>"; };
		8F530C4A1EC2E8D800008174 /* Assets.xcassets */ = {isa = PBXFileReference; lastKnownFileType = folder.assetcatalog; path = Assets.xcassets; sourceTree = "<group>"; };
		8F530C4D1EC2E8D800008174 /* Base */ = {isa = PBXFileReference; lastKnownFileType = file.storyboard; name = Base; path = Base.lproj/Main.storyboard; sourceTree = "<group>"; };
		8F530C4F1EC2E8D800008174 /* Info.plist */ = {isa = PBXFileReference; lastKnownFileType = text.plist.xml; path = Info.plist; sourceTree = "<group>"; };
		8F530C541EC2E8D800008174 /* SULUserNotificationCenterExampleTests.xctest */ = {isa = PBXFileReference; explicitFileType = wrapper.cfbundle; includeInIndex = 0; path = SULUserNotificationCenterExampleTests.xctest; sourceTree = BUILT_PRODUCTS_DIR; };
		8F530C581EC2E8D800008174 /* SULUserNotificationCenterExampleTests.swift */ = {isa = PBXFileReference; lastKnownFileType = sourcecode.swift; path = SULUserNotificationCenterExampleTests.swift; sourceTree = "<group>"; };
		8F530C5A1EC2E8D800008174 /* Info.plist */ = {isa = PBXFileReference; lastKnownFileType = text.plist.xml; path = Info.plist; sourceTree = "<group>"; };
		8FAC1F241EC306DD00FE8495 /* left-icon.png */ = {isa = PBXFileReference; lastKnownFileType = image.png; path = "left-icon.png"; sourceTree = "<group>"; };
		8FBD642E1EC560DE00987C9E /* right-icon.png */ = {isa = PBXFileReference; lastKnownFileType = image.png; path = "right-icon.png"; sourceTree = "<group>"; };
		C3778B163EE2DAE9FA4CC058 /* Pods-SULUserNotificationCenterExample.debug.xcconfig */ = {isa = PBXFileReference; includeInIndex = 1; lastKnownFileType = text.xcconfig; name = "Pods-SULUserNotificationCenterExample.debug.xcconfig"; path = "Pods/Target Support Files/Pods-SULUserNotificationCenterExample/Pods-SULUserNotificationCenterExample.debug.xcconfig"; sourceTree = "<group>"; };
		F17C3EA58D77C044C0FB8CE2 /* Pods_SULUserNotificationCenterExample.framework */ = {isa = PBXFileReference; explicitFileType = wrapper.framework; includeInIndex = 0; path = Pods_SULUserNotificationCenterExample.framework; sourceTree = BUILT_PRODUCTS_DIR; };
/* End PBXFileReference section */

/* Begin PBXFrameworksBuildPhase section */
		8F530C401EC2E8D800008174 /* Frameworks */ = {
			isa = PBXFrameworksBuildPhase;
			buildActionMask = 2147483647;
			files = (
				B47C253F7BDED64915AF1E73 /* Pods_SULUserNotificationCenterExample.framework in Frameworks */,
			);
			runOnlyForDeploymentPostprocessing = 0;
		};
		8F530C511EC2E8D800008174 /* Frameworks */ = {
			isa = PBXFrameworksBuildPhase;
			buildActionMask = 2147483647;
			files = (
				09894674C6F3361399F29ED5 /* Pods_SULUserNotificationCenterExampleTests.framework in Frameworks */,
			);
			runOnlyForDeploymentPostprocessing = 0;
		};
/* End PBXFrameworksBuildPhase section */

/* Begin PBXGroup section */
		1CF7E175ED2560E59DAA07F7 /* Frameworks */ = {
			isa = PBXGroup;
			children = (
				F17C3EA58D77C044C0FB8CE2 /* Pods_SULUserNotificationCenterExample.framework */,
				23659C00E5571280CD832952 /* Pods_SULUserNotificationCenterExampleTests.framework */,
			);
			name = Frameworks;
			sourceTree = "<group>";
		};
		8F530C3A1EC2E8D800008174 = {
			isa = PBXGroup;
			children = (
				8F530C451EC2E8D800008174 /* SULUserNotificationCenterExample */,
				8F530C571EC2E8D800008174 /* SULUserNotificationCenterExampleTests */,
				8F530C441EC2E8D800008174 /* Products */,
				ABA825A72CF93795E84BD6D4 /* Pods */,
				1CF7E175ED2560E59DAA07F7 /* Frameworks */,
			);
			sourceTree = "<group>";
		};
		8F530C441EC2E8D800008174 /* Products */ = {
			isa = PBXGroup;
			children = (
				8F530C431EC2E8D800008174 /* SULUserNotificationCenterExample.app */,
				8F530C541EC2E8D800008174 /* SULUserNotificationCenterExampleTests.xctest */,
			);
			name = Products;
			sourceTree = "<group>";
		};
		8F530C451EC2E8D800008174 /* SULUserNotificationCenterExample */ = {
			isa = PBXGroup;
			children = (
				8FAC1F241EC306DD00FE8495 /* left-icon.png */,
				8FBD642E1EC560DE00987C9E /* right-icon.png */,
				8F530C461EC2E8D800008174 /* AppDelegate.swift */,
				8F530C481EC2E8D800008174 /* ViewController.swift */,
				8F530C4A1EC2E8D800008174 /* Assets.xcassets */,
				8F530C4C1EC2E8D800008174 /* Main.storyboard */,
				8F530C4F1EC2E8D800008174 /* Info.plist */,
			);
			path = SULUserNotificationCenterExample;
			sourceTree = "<group>";
		};
		8F530C571EC2E8D800008174 /* SULUserNotificationCenterExampleTests */ = {
			isa = PBXGroup;
			children = (
				8F530C581EC2E8D800008174 /* SULUserNotificationCenterExampleTests.swift */,
				8F530C5A1EC2E8D800008174 /* Info.plist */,
			);
			path = SULUserNotificationCenterExampleTests;
			sourceTree = "<group>";
		};
		ABA825A72CF93795E84BD6D4 /* Pods */ = {
			isa = PBXGroup;
			children = (
				C3778B163EE2DAE9FA4CC058 /* Pods-SULUserNotificationCenterExample.debug.xcconfig */,
				50852B7FC81746128B9DCBE1 /* Pods-SULUserNotificationCenterExample.release.xcconfig */,
				5153DC9320136F4ED5BA0ADD /* Pods-SULUserNotificationCenterExampleTests.debug.xcconfig */,
				85E662B660A3FC90F6092A39 /* Pods-SULUserNotificationCenterExampleTests.release.xcconfig */,
			);
			name = Pods;
			sourceTree = "<group>";
		};
/* End PBXGroup section */

/* Begin PBXNativeTarget section */
		8F530C421EC2E8D800008174 /* SULUserNotificationCenterExample */ = {
			isa = PBXNativeTarget;
			buildConfigurationList = 8F530C5D1EC2E8D800008174 /* Build configuration list for PBXNativeTarget "SULUserNotificationCenterExample" */;
			buildPhases = (
				8DC2A05191C92FD67914EACA /* [CP] Check Pods Manifest.lock */,
				8F530C3F1EC2E8D800008174 /* Sources */,
				8F530C401EC2E8D800008174 /* Frameworks */,
				8F530C411EC2E8D800008174 /* Resources */,
				EAF612DAB7532CD5EAE4F77D /* [CP] Embed Pods Frameworks */,
				B88D287AD06EEF1722FFC8EA /* [CP] Copy Pods Resources */,
			);
			buildRules = (
			);
			dependencies = (
			);
			name = SULUserNotificationCenterExample;
			productName = SULUserNotificationCenterExample;
			productReference = 8F530C431EC2E8D800008174 /* SULUserNotificationCenterExample.app */;
			productType = "com.apple.product-type.application";
		};
		8F530C531EC2E8D800008174 /* SULUserNotificationCenterExampleTests */ = {
			isa = PBXNativeTarget;
			buildConfigurationList = 8F530C601EC2E8D800008174 /* Build configuration list for PBXNativeTarget "SULUserNotificationCenterExampleTests" */;
			buildPhases = (
				6C7E5287B3453115551F6753 /* [CP] Check Pods Manifest.lock */,
				8F530C501EC2E8D800008174 /* Sources */,
				8F530C511EC2E8D800008174 /* Frameworks */,
				8F530C521EC2E8D800008174 /* Resources */,
				598415BE5748CE8E4C3237ED /* [CP] Embed Pods Frameworks */,
				E59DA905E6CBEDD2E7BA6D41 /* [CP] Copy Pods Resources */,
			);
			buildRules = (
			);
			dependencies = (
				8F530C561EC2E8D800008174 /* PBXTargetDependency */,
			);
			name = SULUserNotificationCenterExampleTests;
			productName = SULUserNotificationCenterExampleTests;
			productReference = 8F530C541EC2E8D800008174 /* SULUserNotificationCenterExampleTests.xctest */;
			productType = "com.apple.product-type.bundle.unit-test";
		};
/* End PBXNativeTarget section */

/* Begin PBXProject section */
		8F530C3B1EC2E8D800008174 /* Project object */ = {
			isa = PBXProject;
			attributes = {
				LastSwiftUpdateCheck = 0830;
				LastUpgradeCheck = 0830;
				ORGANIZATIONNAME = com.sunus;
				TargetAttributes = {
					8F530C421EC2E8D800008174 = {
						CreatedOnToolsVersion = 8.3.2;
						DevelopmentTeam = 6WH46EAGMW;
						ProvisioningStyle = Automatic;
					};
					8F530C531EC2E8D800008174 = {
						CreatedOnToolsVersion = 8.3.2;
						DevelopmentTeam = 6WH46EAGMW;
						ProvisioningStyle = Automatic;
						TestTargetID = 8F530C421EC2E8D800008174;
					};
				};
			};
			buildConfigurationList = 8F530C3E1EC2E8D800008174 /* Build configuration list for PBXProject "SULUserNotificationCenterExample" */;
			compatibilityVersion = "Xcode 3.2";
			developmentRegion = English;
			hasScannedForEncodings = 0;
			knownRegions = (
				en,
				Base,
			);
			mainGroup = 8F530C3A1EC2E8D800008174;
			productRefGroup = 8F530C441EC2E8D800008174 /* Products */;
			projectDirPath = "";
			projectRoot = "";
			targets = (
				8F530C421EC2E8D800008174 /* SULUserNotificationCenterExample */,
				8F530C531EC2E8D800008174 /* SULUserNotificationCenterExampleTests */,
			);
		};
/* End PBXProject section */

/* Begin PBXResourcesBuildPhase section */
		8F530C411EC2E8D800008174 /* Resources */ = {
			isa = PBXResourcesBuildPhase;
			buildActionMask = 2147483647;
			files = (
				8F530C4B1EC2E8D800008174 /* Assets.xcassets in Resources */,
				8FBD642F1EC560DE00987C9E /* right-icon.png in Resources */,
				8F530C4E1EC2E8D800008174 /* Main.storyboard in Resources */,
				8FAC1F251EC306DD00FE8495 /* left-icon.png in Resources */,
			);
			runOnlyForDeploymentPostprocessing = 0;
		};
		8F530C521EC2E8D800008174 /* Resources */ = {
			isa = PBXResourcesBuildPhase;
			buildActionMask = 2147483647;
			files = (
			);
			runOnlyForDeploymentPostprocessing = 0;
		};
/* End PBXResourcesBuildPhase section */

/* Begin PBXShellScriptBuildPhase section */
		598415BE5748CE8E4C3237ED /* [CP] Embed Pods Frameworks */ = {
			isa = PBXShellScriptBuildPhase;
			buildActionMask = 2147483647;
			files = (
			);
			inputPaths = (
			);
			name = "[CP] Embed Pods Frameworks";
			outputPaths = (
			);
			runOnlyForDeploymentPostprocessing = 0;
			shellPath = /bin/sh;
			shellScript = "\"${SRCROOT}/Pods/Target Support Files/Pods-SULUserNotificationCenterExampleTests/Pods-SULUserNotificationCenterExampleTests-frameworks.sh\"\n";
			showEnvVarsInLog = 0;
		};
		6C7E5287B3453115551F6753 /* [CP] Check Pods Manifest.lock */ = {
			isa = PBXShellScriptBuildPhase;
			buildActionMask = 2147483647;
			files = (
			);
			inputPaths = (
			);
			name = "[CP] Check Pods Manifest.lock";
			outputPaths = (
			);
			runOnlyForDeploymentPostprocessing = 0;
			shellPath = /bin/sh;
			shellScript = "diff \"${PODS_PODFILE_DIR_PATH}/Podfile.lock\" \"${PODS_ROOT}/Manifest.lock\" > /dev/null\nif [ $? != 0 ] ; then\n    # print error to STDERR\n    echo \"error: The sandbox is not in sync with the Podfile.lock. Run 'pod install' or update your CocoaPods installation.\" >&2\n    exit 1\nfi\n";
			showEnvVarsInLog = 0;
		};
		8DC2A05191C92FD67914EACA /* [CP] Check Pods Manifest.lock */ = {
			isa = PBXShellScriptBuildPhase;
			buildActionMask = 2147483647;
			files = (
			);
			inputPaths = (
			);
			name = "[CP] Check Pods Manifest.lock";
			outputPaths = (
			);
			runOnlyForDeploymentPostprocessing = 0;
			shellPath = /bin/sh;
			shellScript = "diff \"${PODS_PODFILE_DIR_PATH}/Podfile.lock\" \"${PODS_ROOT}/Manifest.lock\" > /dev/null\nif [ $? != 0 ] ; then\n    # print error to STDERR\n    echo \"error: The sandbox is not in sync with the Podfile.lock. Run 'pod install' or update your CocoaPods installation.\" >&2\n    exit 1\nfi\n";
			showEnvVarsInLog = 0;
		};
		B88D287AD06EEF1722FFC8EA /* [CP] Copy Pods Resources */ = {
			isa = PBXShellScriptBuildPhase;
			buildActionMask = 2147483647;
			files = (
			);
			inputPaths = (
			);
			name = "[CP] Copy Pods Resources";
			outputPaths = (
			);
			runOnlyForDeploymentPostprocessing = 0;
			shellPath = /bin/sh;
			shellScript = "\"${SRCROOT}/Pods/Target Support Files/Pods-SULUserNotificationCenterExample/Pods-SULUserNotificationCenterExample-resources.sh\"\n";
			showEnvVarsInLog = 0;
		};
		E59DA905E6CBEDD2E7BA6D41 /* [CP] Copy Pods Resources */ = {
			isa = PBXShellScriptBuildPhase;
			buildActionMask = 2147483647;
			files = (
			);
			inputPaths = (
			);
			name = "[CP] Copy Pods Resources";
			outputPaths = (
			);
			runOnlyForDeploymentPostprocessing = 0;
			shellPath = /bin/sh;
			shellScript = "\"${SRCROOT}/Pods/Target Support Files/Pods-SULUserNotificationCenterExampleTests/Pods-SULUserNotificationCenterExampleTests-resources.sh\"\n";
			showEnvVarsInLog = 0;
		};
		EAF612DAB7532CD5EAE4F77D /* [CP] Embed Pods Frameworks */ = {
			isa = PBXShellScriptBuildPhase;
			buildActionMask = 2147483647;
			files = (
			);
			inputPaths = (
			);
			name = "[CP] Embed Pods Frameworks";
			outputPaths = (
			);
			runOnlyForDeploymentPostprocessing = 0;
			shellPath = /bin/sh;
			shellScript = "\"${SRCROOT}/Pods/Target Support Files/Pods-SULUserNotificationCenterExample/Pods-SULUserNotificationCenterExample-frameworks.sh\"\n";
			showEnvVarsInLog = 0;
		};
/* End PBXShellScriptBuildPhase section */

/* Begin PBXSourcesBuildPhase section */
		8F530C3F1EC2E8D800008174 /* Sources */ = {
			isa = PBXSourcesBuildPhase;
			buildActionMask = 2147483647;
			files = (
				8F530C491EC2E8D800008174 /* ViewController.swift in Sources */,
				8F530C471EC2E8D800008174 /* AppDelegate.swift in Sources */,
			);
			runOnlyForDeploymentPostprocessing = 0;
		};
		8F530C501EC2E8D800008174 /* Sources */ = {
			isa = PBXSourcesBuildPhase;
			buildActionMask = 2147483647;
			files = (
				8F530C591EC2E8D800008174 /* SULUserNotificationCenterExampleTests.swift in Sources */,
			);
			runOnlyForDeploymentPostprocessing = 0;
		};
/* End PBXSourcesBuildPhase section */

/* Begin PBXTargetDependency section */
		8F530C561EC2E8D800008174 /* PBXTargetDependency */ = {
			isa = PBXTargetDependency;
			target = 8F530C421EC2E8D800008174 /* SULUserNotificationCenterExample */;
			targetProxy = 8F530C551EC2E8D800008174 /* PBXContainerItemProxy */;
		};
/* End PBXTargetDependency section */

/* Begin PBXVariantGroup section */
		8F530C4C1EC2E8D800008174 /* Main.storyboard */ = {
			isa = PBXVariantGroup;
			children = (
				8F530C4D1EC2E8D800008174 /* Base */,
			);
			name = Main.storyboard;
			sourceTree = "<group>";
		};
/* End PBXVariantGroup section */

/* Begin XCBuildConfiguration section */
		8F530C5B1EC2E8D800008174 /* Debug */ = {
			isa = XCBuildConfiguration;
			buildSettings = {
				ALWAYS_SEARCH_USER_PATHS = NO;
				CLANG_ANALYZER_NONNULL = YES;
				CLANG_ANALYZER_NUMBER_OBJECT_CONVERSION = YES_AGGRESSIVE;
				CLANG_CXX_LANGUAGE_STANDARD = "gnu++0x";
				CLANG_CXX_LIBRARY = "libc++";
				CLANG_ENABLE_MODULES = YES;
				CLANG_ENABLE_OBJC_ARC = YES;
				CLANG_WARN_BOOL_CONVERSION = YES;
				CLANG_WARN_CONSTANT_CONVERSION = YES;
				CLANG_WARN_DIRECT_OBJC_ISA_USAGE = YES_ERROR;
				CLANG_WARN_DOCUMENTATION_COMMENTS = YES;
				CLANG_WARN_EMPTY_BODY = YES;
				CLANG_WARN_ENUM_CONVERSION = YES;
				CLANG_WARN_INFINITE_RECURSION = YES;
				CLANG_WARN_INT_CONVERSION = YES;
				CLANG_WARN_OBJC_ROOT_CLASS = YES_ERROR;
				CLANG_WARN_SUSPICIOUS_MOVE = YES;
				CLANG_WARN_UNREACHABLE_CODE = YES;
				CLANG_WARN__DUPLICATE_METHOD_MATCH = YES;
				CODE_SIGN_IDENTITY = "-";
				COPY_PHASE_STRIP = NO;
				DEBUG_INFORMATION_FORMAT = dwarf;
				ENABLE_STRICT_OBJC_MSGSEND = YES;
				ENABLE_TESTABILITY = YES;
				GCC_C_LANGUAGE_STANDARD = gnu99;
				GCC_DYNAMIC_NO_PIC = NO;
				GCC_NO_COMMON_BLOCKS = YES;
				GCC_OPTIMIZATION_LEVEL = 0;
				GCC_PREPROCESSOR_DEFINITIONS = (
					"DEBUG=1",
					"$(inherited)",
				);
				GCC_WARN_64_TO_32_BIT_CONVERSION = YES;
				GCC_WARN_ABOUT_RETURN_TYPE = YES_ERROR;
				GCC_WARN_UNDECLARED_SELECTOR = YES;
				GCC_WARN_UNINITIALIZED_AUTOS = YES_AGGRESSIVE;
				GCC_WARN_UNUSED_FUNCTION = YES;
				GCC_WARN_UNUSED_VARIABLE = YES;
				MACOSX_DEPLOYMENT_TARGET = 10.12;
				MTL_ENABLE_DEBUG_INFO = YES;
				ONLY_ACTIVE_ARCH = YES;
				SDKROOT = macosx;
				SWIFT_ACTIVE_COMPILATION_CONDITIONS = DEBUG;
				SWIFT_OPTIMIZATION_LEVEL = "-Onone";
			};
			name = Debug;
		};
		8F530C5C1EC2E8D800008174 /* Release */ = {
			isa = XCBuildConfiguration;
			buildSettings = {
				ALWAYS_SEARCH_USER_PATHS = NO;
				CLANG_ANALYZER_NONNULL = YES;
				CLANG_ANALYZER_NUMBER_OBJECT_CONVERSION = YES_AGGRESSIVE;
				CLANG_CXX_LANGUAGE_STANDARD = "gnu++0x";
				CLANG_CXX_LIBRARY = "libc++";
				CLANG_ENABLE_MODULES = YES;
				CLANG_ENABLE_OBJC_ARC = YES;
				CLANG_WARN_BOOL_CONVERSION = YES;
				CLANG_WARN_CONSTANT_CONVERSION = YES;
				CLANG_WARN_DIRECT_OBJC_ISA_USAGE = YES_ERROR;
				CLANG_WARN_DOCUMENTATION_COMMENTS = YES;
				CLANG_WARN_EMPTY_BODY = YES;
				CLANG_WARN_ENUM_CONVERSION = YES;
				CLANG_WARN_INFINITE_RECURSION = YES;
				CLANG_WARN_INT_CONVERSION = YES;
				CLANG_WARN_OBJC_ROOT_CLASS = YES_ERROR;
				CLANG_WARN_SUSPICIOUS_MOVE = YES;
				CLANG_WARN_UNREACHABLE_CODE = YES;
				CLANG_WARN__DUPLICATE_METHOD_MATCH = YES;
				CODE_SIGN_IDENTITY = "-";
				COPY_PHASE_STRIP = NO;
				DEBUG_INFORMATION_FORMAT = "dwarf-with-dsym";
				ENABLE_NS_ASSERTIONS = NO;
				ENABLE_STRICT_OBJC_MSGSEND = YES;
				GCC_C_LANGUAGE_STANDARD = gnu99;
				GCC_NO_COMMON_BLOCKS = YES;
				GCC_WARN_64_TO_32_BIT_CONVERSION = YES;
				GCC_WARN_ABOUT_RETURN_TYPE = YES_ERROR;
				GCC_WARN_UNDECLARED_SELECTOR = YES;
				GCC_WARN_UNINITIALIZED_AUTOS = YES_AGGRESSIVE;
				GCC_WARN_UNUSED_FUNCTION = YES;
				GCC_WARN_UNUSED_VARIABLE = YES;
				MACOSX_DEPLOYMENT_TARGET = 10.12;
				MTL_ENABLE_DEBUG_INFO = NO;
				SDKROOT = macosx;
				SWIFT_OPTIMIZATION_LEVEL = "-Owholemodule";
			};
			name = Release;
		};
		8F530C5E1EC2E8D800008174 /* Debug */ = {
			isa = XCBuildConfiguration;
			baseConfigurationReference = C3778B163EE2DAE9FA4CC058 /* Pods-SULUserNotificationCenterExample.debug.xcconfig */;
			buildSettings = {
				ASSETCATALOG_COMPILER_APPICON_NAME = AppIcon;
				COMBINE_HIDPI_IMAGES = YES;
				DEVELOPMENT_TEAM = 6WH46EAGMW;
				INFOPLIST_FILE = SULUserNotificationCenterExample/Info.plist;
				LD_RUNPATH_SEARCH_PATHS = "$(inherited) @executable_path/../Frameworks";
				PRODUCT_BUNDLE_IDENTIFIER = com.sunus.SULUserNotificationCenterExample;
				PRODUCT_NAME = "$(TARGET_NAME)";
				SWIFT_VERSION = 3.0;
			};
			name = Debug;
		};
		8F530C5F1EC2E8D800008174 /* Release */ = {
			isa = XCBuildConfiguration;
			baseConfigurationReference = 50852B7FC81746128B9DCBE1 /* Pods-SULUserNotificationCenterExample.release.xcconfig */;
			buildSettings = {
				ASSETCATALOG_COMPILER_APPICON_NAME = AppIcon;
				COMBINE_HIDPI_IMAGES = YES;
				DEVELOPMENT_TEAM = 6WH46EAGMW;
				INFOPLIST_FILE = SULUserNotificationCenterExample/Info.plist;
				LD_RUNPATH_SEARCH_PATHS = "$(inherited) @executable_path/../Frameworks";
				PRODUCT_BUNDLE_IDENTIFIER = com.sunus.SULUserNotificationCenterExample;
				PRODUCT_NAME = "$(TARGET_NAME)";
				SWIFT_VERSION = 3.0;
			};
			name = Release;
		};
		8F530C611EC2E8D800008174 /* Debug */ = {
			isa = XCBuildConfiguration;
			baseConfigurationReference = 5153DC9320136F4ED5BA0ADD /* Pods-SULUserNotificationCenterExampleTests.debug.xcconfig */;
			buildSettings = {
				ALWAYS_EMBED_SWIFT_STANDARD_LIBRARIES = YES;
				BUNDLE_LOADER = "$(TEST_HOST)";
				COMBINE_HIDPI_IMAGES = YES;
				DEVELOPMENT_TEAM = 6WH46EAGMW;
				INFOPLIST_FILE = SULUserNotificationCenterExampleTests/Info.plist;
				LD_RUNPATH_SEARCH_PATHS = "$(inherited) @executable_path/../Frameworks @loader_path/../Frameworks";
				PRODUCT_BUNDLE_IDENTIFIER = com.sunus.SULUserNotificationCenterExampleTests;
				PRODUCT_NAME = "$(TARGET_NAME)";
				SWIFT_VERSION = 3.0;
				TEST_HOST = "$(BUILT_PRODUCTS_DIR)/SULUserNotificationCenterExample.app/Contents/MacOS/SULUserNotificationCenterExample";
			};
			name = Debug;
		};
		8F530C621EC2E8D800008174 /* Release */ = {
			isa = XCBuildConfiguration;
			baseConfigurationReference = 85E662B660A3FC90F6092A39 /* Pods-SULUserNotificationCenterExampleTests.release.xcconfig */;
			buildSettings = {
				ALWAYS_EMBED_SWIFT_STANDARD_LIBRARIES = YES;
				BUNDLE_LOADER = "$(TEST_HOST)";
				COMBINE_HIDPI_IMAGES = YES;
				DEVELOPMENT_TEAM = 6WH46EAGMW;
				INFOPLIST_FILE = SULUserNotificationCenterExampleTests/Info.plist;
				LD_RUNPATH_SEARCH_PATHS = "$(inherited) @executable_path/../Frameworks @loader_path/../Frameworks";
				PRODUCT_BUNDLE_IDENTIFIER = com.sunus.SULUserNotificationCenterExampleTests;
				PRODUCT_NAME = "$(TARGET_NAME)";
				SWIFT_VERSION = 3.0;
				TEST_HOST = "$(BUILT_PRODUCTS_DIR)/SULUserNotificationCenterExample.app/Contents/MacOS/SULUserNotificationCenterExample";
			};
			name = Release;
		};
/* End XCBuildConfiguration section */

/* Begin XCConfigurationList section */
		8F530C3E1EC2E8D800008174 /* Build configuration list for PBXProject "SULUserNotificationCenterExample" */ = {
			isa = XCConfigurationList;
			buildConfigurations = (
				8F530C5B1EC2E8D800008174 /* Debug */,
				8F530C5C1EC2E8D800008174 /* Release */,
			);
			defaultConfigurationIsVisible = 0;
			defaultConfigurationName = Release;
		};
		8F530C5D1EC2E8D800008174 /* Build configuration list for PBXNativeTarget "SULUserNotificationCenterExample" */ = {
			isa = XCConfigurationList;
			buildConfigurations = (
				8F530C5E1EC2E8D800008174 /* Debug */,
				8F530C5F1EC2E8D800008174 /* Release */,
			);
			defaultConfigurationIsVisible = 0;
			defaultConfigurationName = Release;
		};
		8F530C601EC2E8D800008174 /* Build configuration list for PBXNativeTarget "SULUserNotificationCenterExampleTests" */ = {
			isa = XCConfigurationList;
			buildConfigurations = (
				8F530C611EC2E8D800008174 /* Debug */,
				8F530C621EC2E8D800008174 /* Release */,
			);
			defaultConfigurationIsVisible = 0;
			defaultConfigurationName = Release;
		};
/* End XCConfigurationList section */
	};
	rootObject = 8F530C3B1EC2E8D800008174 /* Project object */;
}
